
Microsoft Visual Studio Solution File, Format Version 12.00
# Visual Studio Version 16
VisualStudioVersion = 16.0.29306.81
MinimumVisualStudioVersion = 10.0.40219.1
Project("{FAE04EC0-301F-11D3-BF4B-00C04F79EFBC}") = "Exercicio_Exceptions", "Exercicio_Exceptions\Exercicio_Exceptions.csproj", "{0A7C489C-0E96-45E2-A324-4F5AA263A541}"
EndProject
Global
	GlobalSection(SolutionConfigurationPlatforms) = preSolution
		Debug|Any CPU = Debug|Any CPU
		Release|Any CPU = Release|Any CPU
	EndGlobalSection
	GlobalSection(ProjectConfigurationPlatforms) = postSolution
		{0A7C489C-0E96-45E2-A324-4F5AA263A541}.Debug|Any CPU.ActiveCfg = Debug|Any CPU
		{0A7C489C-0E96-45E2-A324-4F5AA263A541}.Debug|Any CPU.Build.0 = Debug|Any CPU
		{0A7C489C-0E96-45E2-A324-4F5AA263A541}.Release|Any CPU.ActiveCfg = Release|Any CPU
		{0A7C489C-0E96-45E2-A324-4F5AA263A541}.Release|Any CPU.Build.0 = Release|Any CPU
	EndGlobalSection
	GlobalSection(SolutionProperties) = preSolution
		HideSolutionNode = FALSE
	EndGlobalSection
	GlobalSection(ExtensibilityGlobals) = postSolution
		SolutionGuid = {88E8346C-52F5-4D05-A711-1B8CF1E3A9E0}
	EndGlobalSection
EndGlobal
